// !$*UTF8*$!
{
	archiveVersion = 1;
	classes = {
	};
	objectVersion = 56;
	objects = {

/* Begin PBXBuildFile section */
		261032B629E2F9DB001A942B /* AppDelegate.swift in Sources */ = {isa = PBXBuildFile; fileRef = 261032B529E2F9DB001A942B /* AppDelegate.swift */; };
		261032B829E2F9DB001A942B /* SceneDelegate.swift in Sources */ = {isa = PBXBuildFile; fileRef = 261032B729E2F9DB001A942B /* SceneDelegate.swift */; };
		261032BF29E2F9DC001A942B /* Assets.xcassets in Resources */ = {isa = PBXBuildFile; fileRef = 261032BE29E2F9DC001A942B /* Assets.xcassets */; };
		261032C229E2F9DC001A942B /* LaunchScreen.storyboard in Resources */ = {isa = PBXBuildFile; fileRef = 261032C029E2F9DC001A942B /* LaunchScreen.storyboard */; };
		263205652A336A8400CDFB33 /* ListViewController.swift in Sources */ = {isa = PBXBuildFile; fileRef = 263205642A336A8400CDFB33 /* ListViewController.swift */; };
		263205672A33757800CDFB33 /* LegacyUIButtonViewController.swift in Sources */ = {isa = PBXBuildFile; fileRef = 263205662A33757800CDFB33 /* LegacyUIButtonViewController.swift */; };
		263205692A33758200CDFB33 /* NewUIButtonViewController.swift in Sources */ = {isa = PBXBuildFile; fileRef = 263205682A33758200CDFB33 /* NewUIButtonViewController.swift */; };
/* End PBXBuildFile section */

/* Begin PBXFileReference section */
		261032B229E2F9DB001A942B /* iOS_UIKit_Dev_Note.app */ = {isa = PBXFileReference; explicitFileType = wrapper.application; includeInIndex = 0; path = iOS_UIKit_Dev_Note.app; sourceTree = BUILT_PRODUCTS_DIR; };
		261032B529E2F9DB001A942B /* AppDelegate.swift */ = {isa = PBXFileReference; lastKnownFileType = sourcecode.swift; path = AppDelegate.swift; sourceTree = "<group>"; };
		261032B729E2F9DB001A942B /* SceneDelegate.swift */ = {isa = PBXFileReference; lastKnownFileType = sourcecode.swift; path = SceneDelegate.swift; sourceTree = "<group>"; };
		261032B929E2F9DB001A942B /* TabBarController.swift */ = {isa = PBXFileReference; lastKnownFileType = sourcecode.swift; path = TabBarController.swift; sourceTree = "<group>"; };
		261032BE29E2F9DC001A942B /* Assets.xcassets */ = {isa = PBXFileReference; lastKnownFileType = folder.assetcatalog; path = Assets.xcassets; sourceTree = "<group>"; };
		261032C129E2F9DC001A942B /* Base */ = {isa = PBXFileReference; lastKnownFileType = file.storyboard; name = Base; path = Base.lproj/LaunchScreen.storyboard; sourceTree = "<group>"; };
		261032C329E2F9DC001A942B /* Info.plist */ = {isa = PBXFileReference; lastKnownFileType = text.plist.xml; path = Info.plist; sourceTree = "<group>"; };
		263205642A336A8400CDFB33 /* ListViewController.swift */ = {isa = PBXFileReference; lastKnownFileType = sourcecode.swift; path = ListViewController.swift; sourceTree = "<group>"; };
		263205662A33757800CDFB33 /* LegacyUIButtonViewController.swift */ = {isa = PBXFileReference; lastKnownFileType = sourcecode.swift; path = LegacyUIButtonViewController.swift; sourceTree = "<group>"; };
		263205682A33758200CDFB33 /* NewUIButtonViewController.swift */ = {isa = PBXFileReference; lastKnownFileType = sourcecode.swift; path = NewUIButtonViewController.swift; sourceTree = "<group>"; };
/* End PBXFileReference section */

/* Begin PBXFrameworksBuildPhase section */
		261032AF29E2F9DB001A942B /* Frameworks */ = {
			isa = PBXFrameworksBuildPhase;
			buildActionMask = 2147483647;
			files = (
			);
			runOnlyForDeploymentPostprocessing = 0;
		};
/* End PBXFrameworksBuildPhase section */

/* Begin PBXGroup section */
		261032A929E2F9DB001A942B = {
			isa = PBXGroup;
			children = (
				261032B429E2F9DB001A942B /* iOS_UIKit_Dev_Note */,
				261032B329E2F9DB001A942B /* Products */,
			);
			sourceTree = "<group>";
		};
		261032B329E2F9DB001A942B /* Products */ = {
			isa = PBXGroup;
			children = (
				261032B229E2F9DB001A942B /* iOS_UIKit_Dev_Note.app */,
			);
			name = Products;
			sourceTree = "<group>";
		};
		261032B429E2F9DB001A942B /* iOS_UIKit_Dev_Note */ = {
			isa = PBXGroup;
			children = (
				261032B529E2F9DB001A942B /* AppDelegate.swift */,
				261032B729E2F9DB001A942B /* SceneDelegate.swift */,
				263205642A336A8400CDFB33 /* ListViewController.swift */,
				2614EA532A345C4D003C2FFD /* UIButton */,
				261032BE29E2F9DC001A942B /* Assets.xcassets */,
				261032C029E2F9DC001A942B /* LaunchScreen.storyboard */,
				261032C329E2F9DC001A942B /* Info.plist */,
			);
			path = iOS_UIKit_Dev_Note;
			sourceTree = "<group>";
		};
		2614EA532A345C4D003C2FFD /* UIButton */ = {
			isa = PBXGroup;
			children = (
				263205662A33757800CDFB33 /* LegacyUIButtonViewController.swift */,
				263205682A33758200CDFB33 /* NewUIButtonViewController.swift */,
			);
			path = UIButton;
			sourceTree = "<group>";
		};
/* End PBXGroup section */

/* Begin PBXNativeTarget section */
		261032B129E2F9DB001A942B /* iOS_UIKit_Dev_Note */ = {
			isa = PBXNativeTarget;
			buildConfigurationList = 261032C629E2F9DC001A942B /* Build configuration list for PBXNativeTarget "iOS_UIKit_Dev_Note" */;
			buildPhases = (
				261032AE29E2F9DB001A942B /* Sources */,
				261032AF29E2F9DB001A942B /* Frameworks */,
				261032B029E2F9DB001A942B /* Resources */,
			);
			buildRules = (
			);
			dependencies = (
			);
			name = iOS_UIKit_Dev_Note;
			productName = iOS_UIKit_Dev_Note;
			productReference = 261032B229E2F9DB001A942B /* iOS_UIKit_Dev_Note.app */;
			productType = "com.apple.product-type.application";
		};
/* End PBXNativeTarget section */

/* Begin PBXProject section */
		261032AA29E2F9DB001A942B /* Project object */ = {
			isa = PBXProject;
			attributes = {
				BuildIndependentTargetsInParallel = 1;
				LastSwiftUpdateCheck = 1430;
				LastUpgradeCheck = 1430;
				TargetAttributes = {
					261032B129E2F9DB001A942B = {
						CreatedOnToolsVersion = 14.3;
					};
				};
			};
			buildConfigurationList = 261032AD29E2F9DB001A942B /* Build configuration list for PBXProject "iOS_UIKit_Dev_Note" */;
			compatibilityVersion = "Xcode 14.0";
			developmentRegion = en;
			hasScannedForEncodings = 0;
			knownRegions = (
				en,
				Base,
			);
			mainGroup = 261032A929E2F9DB001A942B;
			productRefGroup = 261032B329E2F9DB001A942B /* Products */;
			projectDirPath = "";
			projectRoot = "";
			targets = (
				261032B129E2F9DB001A942B /* iOS_UIKit_Dev_Note */,
			);
		};
/* End PBXProject section */

/* Begin PBXResourcesBuildPhase section */
		261032B029E2F9DB001A942B /* Resources */ = {
			isa = PBXResourcesBuildPhase;
			buildActionMask = 2147483647;
			files = (
				261032C229E2F9DC001A942B /* LaunchScreen.storyboard in Resources */,
				261032BF29E2F9DC001A942B /* Assets.xcassets in Resources */,
			);
			runOnlyForDeploymentPostprocessing = 0;
		};
/* End PBXResourcesBuildPhase section */

/* Begin PBXSourcesBuildPhase section */
		261032AE29E2F9DB001A942B /* Sources */ = {
			isa = PBXSourcesBuildPhase;
			buildActionMask = 2147483647;
			files = (
				263205692A33758200CDFB33 /* NewUIButtonViewController.swift in Sources */,
				263205652A336A8400CDFB33 /* ListViewController.swift in Sources */,
				261032B629E2F9DB001A942B /* AppDelegate.swift in Sources */,
				263205672A33757800CDFB33 /* LegacyUIButtonViewController.swift in Sources */,
				261032B829E2F9DB001A942B /* SceneDelegate.swift in Sources */,
			);
			runOnlyForDeploymentPostprocessing = 0;
		};
/* End PBXSourcesBuildPhase section */

/* Begin PBXVariantGroup section */
		261032C029E2F9DC001A942B /* LaunchScreen.storyboard */ = {
			isa = PBXVariantGroup;
			children = (
				261032C129E2F9DC001A942B /* Base */,
			);
			name = LaunchScreen.storyboard;
			sourceTree = "<group>";
		};
/* End PBXVariantGroup section */

/* Begin XCBuildConfiguration section */
		261032C429E2F9DC001A942B /* Debug */ = {
			isa = XCBuildConfiguration;
			buildSettings = {
				ALWAYS_SEARCH_USER_PATHS = NO;
				CLANG_ANALYZER_NONNULL = YES;
				CLANG_ANALYZER_NUMBER_OBJECT_CONVERSION = YES_AGGRESSIVE;
				CLANG_CXX_LANGUAGE_STANDARD = "gnu++20";
				CLANG_ENABLE_MODULES = YES;
				CLANG_ENABLE_OBJC_ARC = YES;
				CLANG_ENABLE_OBJC_WEAK = YES;
				CLANG_WARN_BLOCK_CAPTURE_AUTORELEASING = YES;
				CLANG_WARN_BOOL_CONVERSION = YES;
				CLANG_WARN_COMMA = YES;
				CLANG_WARN_CONSTANT_CONVERSION = YES;
				CLANG_WARN_DEPRECATED_OBJC_IMPLEMENTATIONS = YES;
				CLANG_WARN_DIRECT_OBJC_ISA_USAGE = YES_ERROR;
				CLANG_WARN_DOCUMENTATION_COMMENTS = YES;
				CLANG_WARN_EMPTY_BODY = YES;
				CLANG_WARN_ENUM_CONVERSION = YES;
				CLANG_WARN_INFINITE_RECURSION = YES;
				CLANG_WARN_INT_CONVERSION = YES;
				CLANG_WARN_NON_LITERAL_NULL_CONVERSION = YES;
				CLANG_WARN_OBJC_IMPLICIT_RETAIN_SELF = YES;
				CLANG_WARN_OBJC_LITERAL_CONVERSION = YES;
				CLANG_WARN_OBJC_ROOT_CLASS = YES_ERROR;
				CLANG_WARN_QUOTED_INCLUDE_IN_FRAMEWORK_HEADER = YES;
				CLANG_WARN_RANGE_LOOP_ANALYSIS = YES;
				CLANG_WARN_STRICT_PROTOTYPES = YES;
				CLANG_WARN_SUSPICIOUS_MOVE = YES;
				CLANG_WARN_UNGUARDED_AVAILABILITY = YES_AGGRESSIVE;
				CLANG_WARN_UNREACHABLE_CODE = YES;
				CLANG_WARN__DUPLICATE_METHOD_MATCH = YES;
				COPY_PHASE_STRIP = NO;
				DEBUG_INFORMATION_FORMAT = dwarf;
				ENABLE_STRICT_OBJC_MSGSEND = YES;
				ENABLE_TESTABILITY = YES;
				GCC_C_LANGUAGE_STANDARD = gnu11;
				GCC_DYNAMIC_NO_PIC = NO;
				GCC_NO_COMMON_BLOCKS = YES;
				GCC_OPTIMIZATION_LEVEL = 0;
				GCC_PREPROCESSOR_DEFINITIONS = (
					"DEBUG=1",
					"$(inherited)",
				);
				GCC_WARN_64_TO_32_BIT_CONVERSION = YES;
				GCC_WARN_ABOUT_RETURN_TYPE = YES_ERROR;
				GCC_WARN_UNDECLARED_SELECTOR = YES;
				GCC_WARN_UNINITIALIZED_AUTOS = YES_AGGRESSIVE;
				GCC_WARN_UNUSED_FUNCTION = YES;
				GCC_WARN_UNUSED_VARIABLE = YES;
				IPHONEOS_DEPLOYMENT_TARGET = 16.4;
				MTL_ENABLE_DEBUG_INFO = INCLUDE_SOURCE;
				MTL_FAST_MATH = YES;
				ONLY_ACTIVE_ARCH = YES;
				SDKROOT = iphoneos;
				SWIFT_ACTIVE_COMPILATION_CONDITIONS = DEBUG;
				SWIFT_OPTIMIZATION_LEVEL = "-Onone";
			};
			name = Debug;
		};
		261032C529E2F9DC001A942B /* Release */ = {
			isa = XCBuildConfiguration;
			buildSettings = {
				ALWAYS_SEARCH_USER_PATHS = NO;
				CLANG_ANALYZER_NONNULL = YES;
				CLANG_ANALYZER_NUMBER_OBJECT_CONVERSION = YES_AGGRESSIVE;
				CLANG_CXX_LANGUAGE_STANDARD = "gnu++20";
				CLANG_ENABLE_MODULES = YES;
				CLANG_ENABLE_OBJC_ARC = YES;
				CLANG_ENABLE_OBJC_WEAK = YES;
				CLANG_WARN_BLOCK_CAPTURE_AUTORELEASING = YES;
				CLANG_WARN_BOOL_CONVERSION = YES;
				CLANG_WARN_COMMA = YES;
				CLANG_WARN_CONSTANT_CONVERSION = YES;
				CLANG_WARN_DEPRECATED_OBJC_IMPLEMENTATIONS = YES;
				CLANG_WARN_DIRECT_OBJC_ISA_USAGE = YES_ERROR;
				CLANG_WARN_DOCUMENTATION_COMMENTS = YES;
				CLANG_WARN_EMPTY_BODY = YES;
				CLANG_WARN_ENUM_CONVERSION = YES;
				CLANG_WARN_INFINITE_RECURSION = YES;
				CLANG_WARN_INT_CONVERSION = YES;
				CLANG_WARN_NON_LITERAL_NULL_CONVERSION = YES;
				CLANG_WARN_OBJC_IMPLICIT_RETAIN_SELF = YES;
				CLANG_WARN_OBJC_LITERAL_CONVERSION = YES;
				CLANG_WARN_OBJC_ROOT_CLASS = YES_ERROR;
				CLANG_WARN_QUOTED_INCLUDE_IN_FRAMEWORK_HEADER = YES;
				CLANG_WARN_RANGE_LOOP_ANALYSIS = YES;
				CLANG_WARN_STRICT_PROTOTYPES = YES;
				CLANG_WARN_SUSPICIOUS_MOVE = YES;
				CLANG_WARN_UNGUARDED_AVAILABILITY = YES_AGGRESSIVE;
				CLANG_WARN_UNREACHABLE_CODE = YES;
				CLANG_WARN__DUPLICATE_METHOD_MATCH = YES;
				COPY_PHASE_STRIP = NO;
				DEBUG_INFORMATION_FORMAT = "dwarf-with-dsym";
				ENABLE_NS_ASSERTIONS = NO;
				ENABLE_STRICT_OBJC_MSGSEND = YES;
				GCC_C_LANGUAGE_STANDARD = gnu11;
				GCC_NO_COMMON_BLOCKS = YES;
				GCC_WARN_64_TO_32_BIT_CONVERSION = YES;
				GCC_WARN_ABOUT_RETURN_TYPE = YES_ERROR;
				GCC_WARN_UNDECLARED_SELECTOR = YES;
				GCC_WARN_UNINITIALIZED_AUTOS = YES_AGGRESSIVE;
				GCC_WARN_UNUSED_FUNCTION = YES;
				GCC_WARN_UNUSED_VARIABLE = YES;
				IPHONEOS_DEPLOYMENT_TARGET = 16.4;
				MTL_ENABLE_DEBUG_INFO = NO;
				MTL_FAST_MATH = YES;
				SDKROOT = iphoneos;
				SWIFT_COMPILATION_MODE = wholemodule;
				SWIFT_OPTIMIZATION_LEVEL = "-O";
				VALIDATE_PRODUCT = YES;
			};
			name = Release;
		};
		261032C729E2F9DC001A942B /* Debug */ = {
			isa = XCBuildConfiguration;
			buildSettings = {
				ASSETCATALOG_COMPILER_APPICON_NAME = AppIcon;
				ASSETCATALOG_COMPILER_GLOBAL_ACCENT_COLOR_NAME = AccentColor;
				CODE_SIGN_STYLE = Automatic;
				CURRENT_PROJECT_VERSION = 1;
				DEVELOPMENT_TEAM = F2SSSA5NRF;
				GENERATE_INFOPLIST_FILE = YES;
				INFOPLIST_FILE = iOS_UIKit_Dev_Note/Info.plist;
				INFOPLIST_KEY_UIApplicationSupportsIndirectInputEvents = YES;
				INFOPLIST_KEY_UILaunchStoryboardName = LaunchScreen;
				INFOPLIST_KEY_UISupportedInterfaceOrientations_iPad = "UIInterfaceOrientationPortrait UIInterfaceOrientationPortraitUpsideDown UIInterfaceOrientationLandscapeLeft UIInterfaceOrientationLandscapeRight";
				INFOPLIST_KEY_UISupportedInterfaceOrientations_iPhone = "UIInterfaceOrientationPortrait UIInterfaceOrientationLandscapeLeft UIInterfaceOrientationLandscapeRight";
				LD_RUNPATH_SEARCH_PATHS = (
					"$(inherited)",
					"@executable_path/Frameworks",
				);
				MARKETING_VERSION = 1.0;
				PRODUCT_BUNDLE_IDENTIFIER = "com.immeenu.iOS-UIKit-Dev-Note";
				PRODUCT_NAME = "$(TARGET_NAME)";
				SWIFT_EMIT_LOC_STRINGS = YES;
				SWIFT_VERSION = 5.0;
				TARGETED_DEVICE_FAMILY = "1,2";
			};
			name = Debug;
		};
		261032C829E2F9DC001A942B /* Release */ = {
			isa = XCBuildConfiguration;
			buildSettings = {
				ASSETCATALOG_COMPILER_APPICON_NAME = AppIcon;
				ASSETCATALOG_COMPILER_GLOBAL_ACCENT_COLOR_NAME = AccentColor;
				CODE_SIGN_STYLE = Automatic;
				CURRENT_PROJECT_VERSION = 1;
				DEVELOPMENT_TEAM = F2SSSA5NRF;
				GENERATE_INFOPLIST_FILE = YES;
				INFOPLIST_FILE = iOS_UIKit_Dev_Note/Info.plist;
				INFOPLIST_KEY_UIApplicationSupportsIndirectInputEvents = YES;
				INFOPLIST_KEY_UILaunchStoryboardName = LaunchScreen;
				INFOPLIST_KEY_UISupportedInterfaceOrientations_iPad = "UIInterfaceOrientationPortrait UIInterfaceOrientationPortraitUpsideDown UIInterfaceOrientationLandscapeLeft UIInterfaceOrientationLandscapeRight";
				INFOPLIST_KEY_UISupportedInterfaceOrientations_iPhone = "UIInterfaceOrientationPortrait UIInterfaceOrientationLandscapeLeft UIInterfaceOrientationLandscapeRight";
				LD_RUNPATH_SEARCH_PATHS = (
					"$(inherited)",
					"@executable_path/Frameworks",
				);
				MARKETING_VERSION = 1.0;
				PRODUCT_BUNDLE_IDENTIFIER = "com.immeenu.iOS-UIKit-Dev-Note";
				PRODUCT_NAME = "$(TARGET_NAME)";
				SWIFT_EMIT_LOC_STRINGS = YES;
				SWIFT_VERSION = 5.0;
				TARGETED_DEVICE_FAMILY = "1,2";
			};
			name = Release;
		};
/* End XCBuildConfiguration section */

/* Begin XCConfigurationList section */
		261032AD29E2F9DB001A942B /* Build configuration list for PBXProject "iOS_UIKit_Dev_Note" */ = {
			isa = XCConfigurationList;
			buildConfigurations = (
				261032C429E2F9DC001A942B /* Debug */,
				261032C529E2F9DC001A942B /* Release */,
			);
			defaultConfigurationIsVisible = 0;
			defaultConfigurationName = Release;
		};
		261032C629E2F9DC001A942B /* Build configuration list for PBXNativeTarget "iOS_UIKit_Dev_Note" */ = {
			isa = XCConfigurationList;
			buildConfigurations = (
				261032C729E2F9DC001A942B /* Debug */,
				261032C829E2F9DC001A942B /* Release */,
			);
			defaultConfigurationIsVisible = 0;
			defaultConfigurationName = Release;
		};
/* End XCConfigurationList section */
	};
	rootObject = 261032AA29E2F9DB001A942B /* Project object */;
}
